{
  "object": {
    "pins": [
      {
        "package": "Vaccine",
        "repositoryURL": "https://github.com/munirwanis/Vaccine.git",
        "state": {
          "branch": null,
          "revision": "c018245d7dbb9dea621917788185a342ca49b234",
          "version": "1.0.1"
        }
      }
    ]
  },
  "version": 1
}
